
Microsoft Visual Studio Solution File, Format Version 12.00
# Visual Studio 15
VisualStudioVersion = 15.0.26730.16
MinimumVisualStudioVersion = 10.0.40219.1
Project("{8BC9CEB8-8B4A-11D0-8D11-00A0C91BC942}") = "gupsla", "gupsla\gupsla.vcxproj", "{5078FBF4-D7D7-4E0B-BCA6-C1FF2BE70DD9}"
EndProject
Project("{8BC9CEB8-8B4A-11D0-8D11-00A0C91BC942}") = "gupsla-gol-cli", "gupsla-gol-cli\gupsla-gol-cli.vcxproj", "{A1148C2A-8A8B-4EB3-95B4-F4CC21EE1263}"
EndProject
Project("{8BC9CEB8-8B4A-11D0-8D11-00A0C91BC942}") = "gupsla-gif", "gupsla-gif\gupsla-gif.vcxproj", "{69F52011-7C05-4C7D-9F74-0971378B5E92}"
EndProject
Global
	GlobalSection(SolutionConfigurationPlatforms) = preSolution
		Debug|x64 = Debug|x64
		Debug|x86 = Debug|x86
		Release|x64 = Release|x64
		Release|x86 = Release|x86
	EndGlobalSection
	GlobalSection(ProjectConfigurationPlatforms) = postSolution
		{5078FBF4-D7D7-4E0B-BCA6-C1FF2BE70DD9}.Debug|x64.ActiveCfg = Debug|x64
		{5078FBF4-D7D7-4E0B-BCA6-C1FF2BE70DD9}.Debug|x64.Build.0 = Debug|x64
		{5078FBF4-D7D7-4E0B-BCA6-C1FF2BE70DD9}.Debug|x86.ActiveCfg = Debug|Win32
		{5078FBF4-D7D7-4E0B-BCA6-C1FF2BE70DD9}.Debug|x86.Build.0 = Debug|Win32
		{5078FBF4-D7D7-4E0B-BCA6-C1FF2BE70DD9}.Release|x64.ActiveCfg = Release|x64
		{5078FBF4-D7D7-4E0B-BCA6-C1FF2BE70DD9}.Release|x64.Build.0 = Release|x64
		{5078FBF4-D7D7-4E0B-BCA6-C1FF2BE70DD9}.Release|x86.ActiveCfg = Release|Win32
		{5078FBF4-D7D7-4E0B-BCA6-C1FF2BE70DD9}.Release|x86.Build.0 = Release|Win32
		{A1148C2A-8A8B-4EB3-95B4-F4CC21EE1263}.Debug|x64.ActiveCfg = Debug|x64
		{A1148C2A-8A8B-4EB3-95B4-F4CC21EE1263}.Debug|x64.Build.0 = Debug|x64
		{A1148C2A-8A8B-4EB3-95B4-F4CC21EE1263}.Debug|x86.ActiveCfg = Debug|Win32
		{A1148C2A-8A8B-4EB3-95B4-F4CC21EE1263}.Debug|x86.Build.0 = Debug|Win32
		{A1148C2A-8A8B-4EB3-95B4-F4CC21EE1263}.Release|x64.ActiveCfg = Release|x64
		{A1148C2A-8A8B-4EB3-95B4-F4CC21EE1263}.Release|x64.Build.0 = Release|x64
		{A1148C2A-8A8B-4EB3-95B4-F4CC21EE1263}.Release|x86.ActiveCfg = Release|Win32
		{A1148C2A-8A8B-4EB3-95B4-F4CC21EE1263}.Release|x86.Build.0 = Release|Win32
		{69F52011-7C05-4C7D-9F74-0971378B5E92}.Debug|x64.ActiveCfg = Debug|x64
		{69F52011-7C05-4C7D-9F74-0971378B5E92}.Debug|x64.Build.0 = Debug|x64
		{69F52011-7C05-4C7D-9F74-0971378B5E92}.Debug|x86.ActiveCfg = Debug|Win32
		{69F52011-7C05-4C7D-9F74-0971378B5E92}.Debug|x86.Build.0 = Debug|Win32
		{69F52011-7C05-4C7D-9F74-0971378B5E92}.Release|x64.ActiveCfg = Release|x64
		{69F52011-7C05-4C7D-9F74-0971378B5E92}.Release|x64.Build.0 = Release|x64
		{69F52011-7C05-4C7D-9F74-0971378B5E92}.Release|x86.ActiveCfg = Release|Win32
		{69F52011-7C05-4C7D-9F74-0971378B5E92}.Release|x86.Build.0 = Release|Win32
	EndGlobalSection
	GlobalSection(SolutionProperties) = preSolution
		HideSolutionNode = FALSE
	EndGlobalSection
	GlobalSection(ExtensibilityGlobals) = postSolution
		SolutionGuid = {12E9FF87-FD85-49A9-913D-67C79A3AF6F7}
	EndGlobalSection
EndGlobal
